
Microsoft Visual Studio Solution File, Format Version 12.00
# Visual Studio 15
Project("{FAE04EC0-301F-11D3-BF4B-00C04F79EFBC}") = "Assembly-CSharp", "Assembly-CSharp.csproj", "{CC194A2D-4C6C-0473-1C8C-766972FA3C40}"
EndProject
Project("{FAE04EC0-301F-11D3-BF4B-00C04F79EFBC}") = "Assembly-CSharp-Editor", "Assembly-CSharp-Editor.csproj", "{D82D3636-D1B5-2ED7-5F2C-D7739365F4F5}"
EndProject
Global
	GlobalSection(SolutionConfigurationPlatforms) = preSolution
		Debug|Any CPU = Debug|Any CPU
		Release|Any CPU = Release|Any CPU
	EndGlobalSection
	GlobalSection(ProjectConfigurationPlatforms) = postSolution
		{CC194A2D-4C6C-0473-1C8C-766972FA3C40}.Debug|Any CPU.ActiveCfg = Debug|Any CPU
		{CC194A2D-4C6C-0473-1C8C-766972FA3C40}.Debug|Any CPU.Build.0 = Debug|Any CPU
		{CC194A2D-4C6C-0473-1C8C-766972FA3C40}.Release|Any CPU.ActiveCfg = Release|Any CPU
		{CC194A2D-4C6C-0473-1C8C-766972FA3C40}.Release|Any CPU.Build.0 = Release|Any CPU
		{D82D3636-D1B5-2ED7-5F2C-D7739365F4F5}.Debug|Any CPU.ActiveCfg = Debug|Any CPU
		{D82D3636-D1B5-2ED7-5F2C-D7739365F4F5}.Debug|Any CPU.Build.0 = Debug|Any CPU
		{D82D3636-D1B5-2ED7-5F2C-D7739365F4F5}.Release|Any CPU.ActiveCfg = Release|Any CPU
		{D82D3636-D1B5-2ED7-5F2C-D7739365F4F5}.Release|Any CPU.Build.0 = Release|Any CPU
	EndGlobalSection
	GlobalSection(SolutionProperties) = preSolution
		HideSolutionNode = FALSE
	EndGlobalSection
EndGlobal
